// !$*UTF8*$!
{
	archiveVersion = 1;
	classes = {
	};
	objectVersion = 46;
	objects = {

/* Begin PBXBuildFile section */
		420EAB7A1CF85E010039D054 /* AppDelegate.swift in Sources */ = {isa = PBXBuildFile; fileRef = 420EAB791CF85E010039D054 /* AppDelegate.swift */; };
		420EAB7C1CF85E010039D054 /* ViewController.swift in Sources */ = {isa = PBXBuildFile; fileRef = 420EAB7B1CF85E010039D054 /* ViewController.swift */; };
		420EAB7F1CF85E010039D054 /* Main.storyboard in Resources */ = {isa = PBXBuildFile; fileRef = 420EAB7D1CF85E010039D054 /* Main.storyboard */; };
		420EAB811CF85E010039D054 /* Assets.xcassets in Resources */ = {isa = PBXBuildFile; fileRef = 420EAB801CF85E010039D054 /* Assets.xcassets */; };
		420EAB841CF85E010039D054 /* LaunchScreen.storyboard in Resources */ = {isa = PBXBuildFile; fileRef = 420EAB821CF85E010039D054 /* LaunchScreen.storyboard */; };
		420EAB8F1CF85E010039D054 /* NowyTests.swift in Sources */ = {isa = PBXBuildFile; fileRef = 420EAB8E1CF85E010039D054 /* NowyTests.swift */; };
		420EAB9A1CF85E010039D054 /* NowyUITests.swift in Sources */ = {isa = PBXBuildFile; fileRef = 420EAB991CF85E010039D054 /* NowyUITests.swift */; };
/* End PBXBuildFile section */

/* Begin PBXContainerItemProxy section */
		420EAB8B1CF85E010039D054 /* PBXContainerItemProxy */ = {
			isa = PBXContainerItemProxy;
			containerPortal = 420EAB6E1CF85E010039D054 /* Project object */;
			proxyType = 1;
			remoteGlobalIDString = 420EAB751CF85E010039D054;
			remoteInfo = Nowy;
		};
		420EAB961CF85E010039D054 /* PBXContainerItemProxy */ = {
			isa = PBXContainerItemProxy;
			containerPortal = 420EAB6E1CF85E010039D054 /* Project object */;
			proxyType = 1;
			remoteGlobalIDString = 420EAB751CF85E010039D054;
			remoteInfo = Nowy;
		};
/* End PBXContainerItemProxy section */

/* Begin PBXFileReference section */
		420EAB761CF85E010039D054 /* Nowy.app */ = {isa = PBXFileReference; explicitFileType = wrapper.application; includeInIndex = 0; path = Nowy.app; sourceTree = BUILT_PRODUCTS_DIR; };
		420EAB791CF85E010039D054 /* AppDelegate.swift */ = {isa = PBXFileReference; lastKnownFileType = sourcecode.swift; path = AppDelegate.swift; sourceTree = "<group>"; };
		420EAB7B1CF85E010039D054 /* ViewController.swift */ = {isa = PBXFileReference; lastKnownFileType = sourcecode.swift; path = ViewController.swift; sourceTree = "<group>"; };
		420EAB7E1CF85E010039D054 /* Base */ = {isa = PBXFileReference; lastKnownFileType = file.storyboard; name = Base; path = Base.lproj/Main.storyboard; sourceTree = "<group>"; };
		420EAB801CF85E010039D054 /* Assets.xcassets */ = {isa = PBXFileReference; lastKnownFileType = folder.assetcatalog; path = Assets.xcassets; sourceTree = "<group>"; };
		420EAB831CF85E010039D054 /* Base */ = {isa = PBXFileReference; lastKnownFileType = file.storyboard; name = Base; path = Base.lproj/LaunchScreen.storyboard; sourceTree = "<group>"; };
		420EAB851CF85E010039D054 /* Info.plist */ = {isa = PBXFileReference; lastKnownFileType = text.plist.xml; path = Info.plist; sourceTree = "<group>"; };
		420EAB8A1CF85E010039D054 /* NowyTests.xctest */ = {isa = PBXFileReference; explicitFileType = wrapper.cfbundle; includeInIndex = 0; path = NowyTests.xctest; sourceTree = BUILT_PRODUCTS_DIR; };
		420EAB8E1CF85E010039D054 /* NowyTests.swift */ = {isa = PBXFileReference; lastKnownFileType = sourcecode.swift; path = NowyTests.swift; sourceTree = "<group>"; };
		420EAB901CF85E010039D054 /* Info.plist */ = {isa = PBXFileReference; lastKnownFileType = text.plist.xml; path = Info.plist; sourceTree = "<group>"; };
		420EAB951CF85E010039D054 /* NowyUITests.xctest */ = {isa = PBXFileReference; explicitFileType = wrapper.cfbundle; includeInIndex = 0; path = NowyUITests.xctest; sourceTree = BUILT_PRODUCTS_DIR; };
		420EAB991CF85E010039D054 /* NowyUITests.swift */ = {isa = PBXFileReference; lastKnownFileType = sourcecode.swift; path = NowyUITests.swift; sourceTree = "<group>"; };
		420EAB9B1CF85E010039D054 /* Info.plist */ = {isa = PBXFileReference; lastKnownFileType = text.plist.xml; path = Info.plist; sourceTree = "<group>"; };
/* End PBXFileReference section */

/* Begin PBXFrameworksBuildPhase section */
		420EAB731CF85E010039D054 /* Frameworks */ = {
			isa = PBXFrameworksBuildPhase;
			buildActionMask = 2147483647;
			files = (
			);
			runOnlyForDeploymentPostprocessing = 0;
		};
		420EAB871CF85E010039D054 /* Frameworks */ = {
			isa = PBXFrameworksBuildPhase;
			buildActionMask = 2147483647;
			files = (
			);
			runOnlyForDeploymentPostprocessing = 0;
		};
		420EAB921CF85E010039D054 /* Frameworks */ = {
			isa = PBXFrameworksBuildPhase;
			buildActionMask = 2147483647;
			files = (
			);
			runOnlyForDeploymentPostprocessing = 0;
		};
/* End PBXFrameworksBuildPhase section */

/* Begin PBXGroup section */
		420EAB6D1CF85E010039D054 = {
			isa = PBXGroup;
			children = (
				420EAB781CF85E010039D054 /* Nowy */,
				420EAB8D1CF85E010039D054 /* NowyTests */,
				420EAB981CF85E010039D054 /* NowyUITests */,
				420EAB771CF85E010039D054 /* Products */,
			);
			sourceTree = "<group>";
		};
		420EAB771CF85E010039D054 /* Products */ = {
			isa = PBXGroup;
			children = (
				420EAB761CF85E010039D054 /* Nowy.app */,
				420EAB8A1CF85E010039D054 /* NowyTests.xctest */,
				420EAB951CF85E010039D054 /* NowyUITests.xctest */,
			);
			name = Products;
			sourceTree = "<group>";
		};
		420EAB781CF85E010039D054 /* Nowy */ = {
			isa = PBXGroup;
			children = (
				420EAB791CF85E010039D054 /* AppDelegate.swift */,
				420EAB7B1CF85E010039D054 /* ViewController.swift */,
				420EAB7D1CF85E010039D054 /* Main.storyboard */,
				420EAB801CF85E010039D054 /* Assets.xcassets */,
				420EAB821CF85E010039D054 /* LaunchScreen.storyboard */,
				420EAB851CF85E010039D054 /* Info.plist */,
			);
			path = Nowy;
			sourceTree = "<group>";
		};
		420EAB8D1CF85E010039D054 /* NowyTests */ = {
			isa = PBXGroup;
			children = (
				420EAB8E1CF85E010039D054 /* NowyTests.swift */,
				420EAB901CF85E010039D054 /* Info.plist */,
			);
			path = NowyTests;
			sourceTree = "<group>";
		};
		420EAB981CF85E010039D054 /* NowyUITests */ = {
			isa = PBXGroup;
			children = (
				420EAB991CF85E010039D054 /* NowyUITests.swift */,
				420EAB9B1CF85E010039D054 /* Info.plist */,
			);
			path = NowyUITests;
			sourceTree = "<group>";
		};
/* End PBXGroup section */

/* Begin PBXNativeTarget section */
		420EAB751CF85E010039D054 /* Nowy */ = {
			isa = PBXNativeTarget;
			buildConfigurationList = 420EAB9E1CF85E010039D054 /* Build configuration list for PBXNativeTarget "Nowy" */;
			buildPhases = (
				420EAB721CF85E010039D054 /* Sources */,
				420EAB731CF85E010039D054 /* Frameworks */,
				420EAB741CF85E010039D054 /* Resources */,
			);
			buildRules = (
			);
			dependencies = (
			);
			name = Nowy;
			productName = Nowy;
			productReference = 420EAB761CF85E010039D054 /* Nowy.app */;
			productType = "com.apple.product-type.application";
		};
		420EAB891CF85E010039D054 /* NowyTests */ = {
			isa = PBXNativeTarget;
			buildConfigurationList = 420EABA11CF85E010039D054 /* Build configuration list for PBXNativeTarget "NowyTests" */;
			buildPhases = (
				420EAB861CF85E010039D054 /* Sources */,
				420EAB871CF85E010039D054 /* Frameworks */,
				420EAB881CF85E010039D054 /* Resources */,
			);
			buildRules = (
			);
			dependencies = (
				420EAB8C1CF85E010039D054 /* PBXTargetDependency */,
			);
			name = NowyTests;
			productName = NowyTests;
			productReference = 420EAB8A1CF85E010039D054 /* NowyTests.xctest */;
			productType = "com.apple.product-type.bundle.unit-test";
		};
		420EAB941CF85E010039D054 /* NowyUITests */ = {
			isa = PBXNativeTarget;
			buildConfigurationList = 420EABA41CF85E010039D054 /* Build configuration list for PBXNativeTarget "NowyUITests" */;
			buildPhases = (
				420EAB911CF85E010039D054 /* Sources */,
				420EAB921CF85E010039D054 /* Frameworks */,
				420EAB931CF85E010039D054 /* Resources */,
			);
			buildRules = (
			);
			dependencies = (
				420EAB971CF85E010039D054 /* PBXTargetDependency */,
			);
			name = NowyUITests;
			productName = NowyUITests;
			productReference = 420EAB951CF85E010039D054 /* NowyUITests.xctest */;
			productType = "com.apple.product-type.bundle.ui-testing";
		};
/* End PBXNativeTarget section */

/* Begin PBXProject section */
		420EAB6E1CF85E010039D054 /* Project object */ = {
			isa = PBXProject;
			attributes = {
				LastSwiftUpdateCheck = 0730;
				LastUpgradeCheck = 0730;
				ORGANIZATIONNAME = "Kamil Wójcik";
				TargetAttributes = {
					420EAB751CF85E010039D054 = {
						CreatedOnToolsVersion = 7.3;
					};
					420EAB891CF85E010039D054 = {
						CreatedOnToolsVersion = 7.3;
						TestTargetID = 420EAB751CF85E010039D054;
					};
					420EAB941CF85E010039D054 = {
						CreatedOnToolsVersion = 7.3;
						TestTargetID = 420EAB751CF85E010039D054;
					};
				};
			};
			buildConfigurationList = 420EAB711CF85E010039D054 /* Build configuration list for PBXProject "Nowy" */;
			compatibilityVersion = "Xcode 3.2";
			developmentRegion = English;
			hasScannedForEncodings = 0;
			knownRegions = (
				en,
				Base,
			);
			mainGroup = 420EAB6D1CF85E010039D054;
			productRefGroup = 420EAB771CF85E010039D054 /* Products */;
			projectDirPath = "";
			projectRoot = "";
			targets = (
				420EAB751CF85E010039D054 /* Nowy */,
				420EAB891CF85E010039D054 /* NowyTests */,
				420EAB941CF85E010039D054 /* NowyUITests */,
			);
		};
/* End PBXProject section */

/* Begin PBXResourcesBuildPhase section */
		420EAB741CF85E010039D054 /* Resources */ = {
			isa = PBXResourcesBuildPhase;
			buildActionMask = 2147483647;
			files = (
				420EAB841CF85E010039D054 /* LaunchScreen.storyboard in Resources */,
				420EAB811CF85E010039D054 /* Assets.xcassets in Resources */,
				420EAB7F1CF85E010039D054 /* Main.storyboard in Resources */,
			);
			runOnlyForDeploymentPostprocessing = 0;
		};
		420EAB881CF85E010039D054 /* Resources */ = {
			isa = PBXResourcesBuildPhase;
			buildActionMask = 2147483647;
			files = (
			);
			runOnlyForDeploymentPostprocessing = 0;
		};
		420EAB931CF85E010039D054 /* Resources */ = {
			isa = PBXResourcesBuildPhase;
			buildActionMask = 2147483647;
			files = (
			);
			runOnlyForDeploymentPostprocessing = 0;
		};
/* End PBXResourcesBuildPhase section */

/* Begin PBXSourcesBuildPhase section */
		420EAB721CF85E010039D054 /* Sources */ = {
			isa = PBXSourcesBuildPhase;
			buildActionMask = 2147483647;
			files = (
				420EAB7C1CF85E010039D054 /* ViewController.swift in Sources */,
				420EAB7A1CF85E010039D054 /* AppDelegate.swift in Sources */,
			);
			runOnlyForDeploymentPostprocessing = 0;
		};
		420EAB861CF85E010039D054 /* Sources */ = {
			isa = PBXSourcesBuildPhase;
			buildActionMask = 2147483647;
			files = (
				420EAB8F1CF85E010039D054 /* NowyTests.swift in Sources */,
			);
			runOnlyForDeploymentPostprocessing = 0;
		};
		420EAB911CF85E010039D054 /* Sources */ = {
			isa = PBXSourcesBuildPhase;
			buildActionMask = 2147483647;
			files = (
				420EAB9A1CF85E010039D054 /* NowyUITests.swift in Sources */,
			);
			runOnlyForDeploymentPostprocessing = 0;
		};
/* End PBXSourcesBuildPhase section */

/* Begin PBXTargetDependency section */
		420EAB8C1CF85E010039D054 /* PBXTargetDependency */ = {
			isa = PBXTargetDependency;
			target = 420EAB751CF85E010039D054 /* Nowy */;
			targetProxy = 420EAB8B1CF85E010039D054 /* PBXContainerItemProxy */;
		};
		420EAB971CF85E010039D054 /* PBXTargetDependency */ = {
			isa = PBXTargetDependency;
			target = 420EAB751CF85E010039D054 /* Nowy */;
			targetProxy = 420EAB961CF85E010039D054 /* PBXContainerItemProxy */;
		};
/* End PBXTargetDependency section */

/* Begin PBXVariantGroup section */
		420EAB7D1CF85E010039D054 /* Main.storyboard */ = {
			isa = PBXVariantGroup;
			children = (
				420EAB7E1CF85E010039D054 /* Base */,
			);
			name = Main.storyboard;
			sourceTree = "<group>";
		};
		420EAB821CF85E010039D054 /* LaunchScreen.storyboard */ = {
			isa = PBXVariantGroup;
			children = (
				420EAB831CF85E010039D054 /* Base */,
			);
			name = LaunchScreen.storyboard;
			sourceTree = "<group>";
		};
/* End PBXVariantGroup section */

/* Begin XCBuildConfiguration section */
		420EAB9C1CF85E010039D054 /* Debug */ = {
			isa = XCBuildConfiguration;
			buildSettings = {
				ALWAYS_SEARCH_USER_PATHS = NO;
				CLANG_ANALYZER_NONNULL = YES;
				CLANG_CXX_LANGUAGE_STANDARD = "gnu++0x";
				CLANG_CXX_LIBRARY = "libc++";
				CLANG_ENABLE_MODULES = YES;
				CLANG_ENABLE_OBJC_ARC = YES;
				CLANG_WARN_BOOL_CONVERSION = YES;
				CLANG_WARN_CONSTANT_CONVERSION = YES;
				CLANG_WARN_DIRECT_OBJC_ISA_USAGE = YES_ERROR;
				CLANG_WARN_EMPTY_BODY = YES;
				CLANG_WARN_ENUM_CONVERSION = YES;
				CLANG_WARN_INT_CONVERSION = YES;
				CLANG_WARN_OBJC_ROOT_CLASS = YES_ERROR;
				CLANG_WARN_UNREACHABLE_CODE = YES;
				CLANG_WARN__DUPLICATE_METHOD_MATCH = YES;
				"CODE_SIGN_IDENTITY[sdk=iphoneos*]" = "iPhone Developer";
				COPY_PHASE_STRIP = NO;
				DEBUG_INFORMATION_FORMAT = dwarf;
				ENABLE_STRICT_OBJC_MSGSEND = YES;
				ENABLE_TESTABILITY = YES;
				GCC_C_LANGUAGE_STANDARD = gnu99;
				GCC_DYNAMIC_NO_PIC = NO;
				GCC_NO_COMMON_BLOCKS = YES;
				GCC_OPTIMIZATION_LEVEL = 0;
				GCC_PREPROCESSOR_DEFINITIONS = (
					"DEBUG=1",
					"$(inherited)",
				);
				GCC_WARN_64_TO_32_BIT_CONVERSION = YES;
				GCC_WARN_ABOUT_RETURN_TYPE = YES_ERROR;
				GCC_WARN_UNDECLARED_SELECTOR = YES;
				GCC_WARN_UNINITIALIZED_AUTOS = YES_AGGRESSIVE;
				GCC_WARN_UNUSED_FUNCTION = YES;
				GCC_WARN_UNUSED_VARIABLE = YES;
				IPHONEOS_DEPLOYMENT_TARGET = 9.3;
				MTL_ENABLE_DEBUG_INFO = YES;
				ONLY_ACTIVE_ARCH = YES;
				SDKROOT = iphoneos;
				SWIFT_OPTIMIZATION_LEVEL = "-Onone";
			};
			name = Debug;
		};
		420EAB9D1CF85E010039D054 /* Release */ = {
			isa = XCBuildConfiguration;
			buildSettings = {
				ALWAYS_SEARCH_USER_PATHS = NO;
				CLANG_ANALYZER_NONNULL = YES;
				CLANG_CXX_LANGUAGE_STANDARD = "gnu++0x";
				CLANG_CXX_LIBRARY = "libc++";
				CLANG_ENABLE_MODULES = YES;
				CLANG_ENABLE_OBJC_ARC = YES;
				CLANG_WARN_BOOL_CONVERSION = YES;
				CLANG_WARN_CONSTANT_CONVERSION = YES;
				CLANG_WARN_DIRECT_OBJC_ISA_USAGE = YES_ERROR;
				CLANG_WARN_EMPTY_BODY = YES;
				CLANG_WARN_ENUM_CONVERSION = YES;
				CLANG_WARN_INT_CONVERSION = YES;
				CLANG_WARN_OBJC_ROOT_CLASS = YES_ERROR;
				CLANG_WARN_UNREACHABLE_CODE = YES;
				CLANG_WARN__DUPLICATE_METHOD_MATCH = YES;
				"CODE_SIGN_IDENTITY[sdk=iphoneos*]" = "iPhone Developer";
				COPY_PHASE_STRIP = NO;
				DEBUG_INFORMATION_FORMAT = "dwarf-with-dsym";
				ENABLE_NS_ASSERTIONS = NO;
				ENABLE_STRICT_OBJC_MSGSEND = YES;
				GCC_C_LANGUAGE_STANDARD = gnu99;
				GCC_NO_COMMON_BLOCKS = YES;
				GCC_WARN_64_TO_32_BIT_CONVERSION = YES;
				GCC_WARN_ABOUT_RETURN_TYPE = YES_ERROR;
				GCC_WARN_UNDECLARED_SELECTOR = YES;
				GCC_WARN_UNINITIALIZED_AUTOS = YES_AGGRESSIVE;
				GCC_WARN_UNUSED_FUNCTION = YES;
				GCC_WARN_UNUSED_VARIABLE = YES;
				IPHONEOS_DEPLOYMENT_TARGET = 9.3;
				MTL_ENABLE_DEBUG_INFO = NO;
				SDKROOT = iphoneos;
				VALIDATE_PRODUCT = YES;
			};
			name = Release;
		};
		420EAB9F1CF85E010039D054 /* Debug */ = {
			isa = XCBuildConfiguration;
			buildSettings = {
				ASSETCATALOG_COMPILER_APPICON_NAME = AppIcon;
				INFOPLIST_FILE = Nowy/Info.plist;
				LD_RUNPATH_SEARCH_PATHS = "$(inherited) @executable_path/Frameworks";
				PRODUCT_BUNDLE_IDENTIFIER = none.Nowy;
				PRODUCT_NAME = "$(TARGET_NAME)";
			};
			name = Debug;
		};
		420EABA01CF85E010039D054 /* Release */ = {
			isa = XCBuildConfiguration;
			buildSettings = {
				ASSETCATALOG_COMPILER_APPICON_NAME = AppIcon;
				INFOPLIST_FILE = Nowy/Info.plist;
				LD_RUNPATH_SEARCH_PATHS = "$(inherited) @executable_path/Frameworks";
				PRODUCT_BUNDLE_IDENTIFIER = none.Nowy;
				PRODUCT_NAME = "$(TARGET_NAME)";
			};
			name = Release;
		};
		420EABA21CF85E010039D054 /* Debug */ = {
			isa = XCBuildConfiguration;
			buildSettings = {
				BUNDLE_LOADER = "$(TEST_HOST)";
				INFOPLIST_FILE = NowyTests/Info.plist;
				LD_RUNPATH_SEARCH_PATHS = "$(inherited) @executable_path/Frameworks @loader_path/Frameworks";
				PRODUCT_BUNDLE_IDENTIFIER = none.NowyTests;
				PRODUCT_NAME = "$(TARGET_NAME)";
				TEST_HOST = "$(BUILT_PRODUCTS_DIR)/Nowy.app/Nowy";
			};
			name = Debug;
		};
		420EABA31CF85E010039D054 /* Release */ = {
			isa = XCBuildConfiguration;
			buildSettings = {
				BUNDLE_LOADER = "$(TEST_HOST)";
				INFOPLIST_FILE = NowyTests/Info.plist;
				LD_RUNPATH_SEARCH_PATHS = "$(inherited) @executable_path/Frameworks @loader_path/Frameworks";
				PRODUCT_BUNDLE_IDENTIFIER = none.NowyTests;
				PRODUCT_NAME = "$(TARGET_NAME)";
				TEST_HOST = "$(BUILT_PRODUCTS_DIR)/Nowy.app/Nowy";
			};
			name = Release;
		};
		420EABA51CF85E010039D054 /* Debug */ = {
			isa = XCBuildConfiguration;
			buildSettings = {
				INFOPLIST_FILE = NowyUITests/Info.plist;
				LD_RUNPATH_SEARCH_PATHS = "$(inherited) @executable_path/Frameworks @loader_path/Frameworks";
				PRODUCT_BUNDLE_IDENTIFIER = none.NowyUITests;
				PRODUCT_NAME = "$(TARGET_NAME)";
				TEST_TARGET_NAME = Nowy;
			};
			name = Debug;
		};
		420EABA61CF85E010039D054 /* Release */ = {
			isa = XCBuildConfiguration;
			buildSettings = {
				INFOPLIST_FILE = NowyUITests/Info.plist;
				LD_RUNPATH_SEARCH_PATHS = "$(inherited) @executable_path/Frameworks @loader_path/Frameworks";
				PRODUCT_BUNDLE_IDENTIFIER = none.NowyUITests;
				PRODUCT_NAME = "$(TARGET_NAME)";
				TEST_TARGET_NAME = Nowy;
			};
			name = Release;
		};
/* End XCBuildConfiguration section */

/* Begin XCConfigurationList section */
		420EAB711CF85E010039D054 /* Build configuration list for PBXProject "Nowy" */ = {
			isa = XCConfigurationList;
			buildConfigurations = (
				420EAB9C1CF85E010039D054 /* Debug */,
				420EAB9D1CF85E010039D054 /* Release */,
			);
			defaultConfigurationIsVisible = 0;
			defaultConfigurationName = Release;
		};
		420EAB9E1CF85E010039D054 /* Build configuration list for PBXNativeTarget "Nowy" */ = {
			isa = XCConfigurationList;
			buildConfigurations = (
				420EAB9F1CF85E010039D054 /* Debug */,
				420EABA01CF85E010039D054 /* Release */,
			);
			defaultConfigurationIsVisible = 0;
		};
		420EABA11CF85E010039D054 /* Build configuration list for PBXNativeTarget "NowyTests" */ = {
			isa = XCConfigurationList;
			buildConfigurations = (
				420EABA21CF85E010039D054 /* Debug */,
				420EABA31CF85E010039D054 /* Release */,
			);
			defaultConfigurationIsVisible = 0;
		};
		420EABA41CF85E010039D054 /* Build configuration list for PBXNativeTarget "NowyUITests" */ = {
			isa = XCConfigurationList;
			buildConfigurations = (
				420EABA51CF85E010039D054 /* Debug */,
				420EABA61CF85E010039D054 /* Release */,
			);
			defaultConfigurationIsVisible = 0;
		};
/* End XCConfigurationList section */
	};
	rootObject = 420EAB6E1CF85E010039D054 /* Project object */;
}
